
Microsoft Visual Studio Solution File, Format Version 12.00
# Visual Studio Version 17
VisualStudioVersion = 17.8.34330.188
MinimumVisualStudioVersion = 10.0.40219.1
Project("{FAE04EC0-301F-11D3-BF4B-00C04F79EFBC}") = "AL_CARONAS.API", "AL_CARONAS-API\AL_CARONAS.API.csproj", "{BCAD2175-73EE-4655-BDB2-EC6C19C494FE}"
EndProject
Project("{FAE04EC0-301F-11D3-BF4B-00C04F79EFBC}") = "AL_CARONAS.Core", "AL_CARONAS.Core\AL_CARONAS.Core.csproj", "{9D2C0CC4-101D-4645-B854-F40EADC55D73}"
EndProject
Project("{FAE04EC0-301F-11D3-BF4B-00C04F79EFBC}") = "AL_CARONAS.Infraestructure", "AL_CARONAS.Infraestructure\AL_CARONAS.Infraestructure.csproj", "{96ACD324-B494-4AEB-BF3F-E16932B55FF6}"
EndProject
Project("{FAE04EC0-301F-11D3-BF4B-00C04F79EFBC}") = "AL_CARONAS.Application", "AL_CARONAS.Application\AL_CARONAS.Application.csproj", "{6206EF1D-030A-4DB5-8679-AD992891B246}"
EndProject
Global
	GlobalSection(SolutionConfigurationPlatforms) = preSolution
		Debug|Any CPU = Debug|Any CPU
		Release|Any CPU = Release|Any CPU
	EndGlobalSection
	GlobalSection(ProjectConfigurationPlatforms) = postSolution
		{BCAD2175-73EE-4655-BDB2-EC6C19C494FE}.Debug|Any CPU.ActiveCfg = Debug|Any CPU
		{BCAD2175-73EE-4655-BDB2-EC6C19C494FE}.Debug|Any CPU.Build.0 = Debug|Any CPU
		{BCAD2175-73EE-4655-BDB2-EC6C19C494FE}.Release|Any CPU.ActiveCfg = Release|Any CPU
		{BCAD2175-73EE-4655-BDB2-EC6C19C494FE}.Release|Any CPU.Build.0 = Release|Any CPU
		{9D2C0CC4-101D-4645-B854-F40EADC55D73}.Debug|Any CPU.ActiveCfg = Debug|Any CPU
		{9D2C0CC4-101D-4645-B854-F40EADC55D73}.Debug|Any CPU.Build.0 = Debug|Any CPU
		{9D2C0CC4-101D-4645-B854-F40EADC55D73}.Release|Any CPU.ActiveCfg = Release|Any CPU
		{9D2C0CC4-101D-4645-B854-F40EADC55D73}.Release|Any CPU.Build.0 = Release|Any CPU
		{96ACD324-B494-4AEB-BF3F-E16932B55FF6}.Debug|Any CPU.ActiveCfg = Debug|Any CPU
		{96ACD324-B494-4AEB-BF3F-E16932B55FF6}.Debug|Any CPU.Build.0 = Debug|Any CPU
		{96ACD324-B494-4AEB-BF3F-E16932B55FF6}.Release|Any CPU.ActiveCfg = Release|Any CPU
		{96ACD324-B494-4AEB-BF3F-E16932B55FF6}.Release|Any CPU.Build.0 = Release|Any CPU
		{6206EF1D-030A-4DB5-8679-AD992891B246}.Debug|Any CPU.ActiveCfg = Debug|Any CPU
		{6206EF1D-030A-4DB5-8679-AD992891B246}.Debug|Any CPU.Build.0 = Debug|Any CPU
		{6206EF1D-030A-4DB5-8679-AD992891B246}.Release|Any CPU.ActiveCfg = Release|Any CPU
		{6206EF1D-030A-4DB5-8679-AD992891B246}.Release|Any CPU.Build.0 = Release|Any CPU
	EndGlobalSection
	GlobalSection(SolutionProperties) = preSolution
		HideSolutionNode = FALSE
	EndGlobalSection
	GlobalSection(ExtensibilityGlobals) = postSolution
		SolutionGuid = {B66D1299-D286-44C6-B056-E552B0BFAF4E}
	EndGlobalSection
EndGlobal
